lockfileVersion: '9.0'

settings:
  autoInstallPeers: true
  excludeLinksFromLockfile: false

importers:

  .:
    dependencies:
      asciinema-player:
        specifier: 3.17.0
        version: 3.17.0
      markdown-it:
        specifier: 15.0.0
        version: 15.0.0
      markdown-it-anchor:
        specifier: 9.2.0
        version: 9.2.0(@types/markdown-it@14.2.0)(markdown-it@15.0.0)

packages:

  '@babel/runtime@7.29.7':
    resolution: {integrity: sha512-Nq8OhGWiZIZGV6hLHoyAKLLcJihP/xFeBMGJoUrxTX2psI8dCifzLhZISFb+VWS3wFMRDmCGw5R+dOySCqPLhw==, tarball: https://registry.npmjs.org/@babel/runtime/-/runtime-7.29.7.tgz}
    engines: {node: '>=6.9.0'}

  '@solid-primitives/refs@1.1.4':
    resolution: {integrity: sha512-bLjwIs6ZPu8NQnuw04sU3Zc8qKSpbc0umUU/O4SHf6oWOdO4+dHY8vb1T7C4b/Tg103+9WGr6sEE0+NFlbaB/A==, tarball: https://registry.npmjs.org/@solid-primitives/refs/-/refs-1.1.4.tgz}
    peerDependencies:
      solid-js: ^1.6.12

  '@solid-primitives/transition-group@1.1.2':
    resolution: {integrity: sha512-gnHS0OmcdjeoHN9n7Khu8KNrOlRc8a2weETDt2YT6o1zeW/XtUC6Db3Q9pkMU/9cCKdEmN4b0a/41MKAHRhzWA==, tarball: https://registry.npmjs.org/@solid-primitives/transition-group/-/transition-group-1.1.2.tgz}
    peerDependencies:
      solid-js: ^1.6.12

  '@solid-primitives/utils@6.4.1':
    resolution: {integrity: sha512-ISSB5QX1qP2ynrheIpYwc4oKR5Ny4siNuUyf1qZniy+Il+p/PtDB0QK1Dnle8noiHpwRD3gpPdubOC3qI/Zamg==, tarball: https://registry.npmjs.org/@solid-primitives/utils/-/utils-6.4.1.tgz}
    peerDependencies:
      solid-js: ^1.6.12

  '@types/linkify-it@5.0.0':
    resolution: {integrity: sha512-sVDA58zAw4eWAffKOaQH5/5j3XeayukzDk+ewSsnv3p4yJEZHCCzMDiZM8e0OUrRvmpGZ85jf4yDHkHsgBNr9Q==, tarball: https://registry.npmjs.org/@types/linkify-it/-/linkify-it-5.0.0.tgz}

  '@types/markdown-it@14.2.0':
    resolution: {integrity: sha512-NoQ2yGlLWj4wpxMs+TYmRKk3thDrQ97agr7sFqfLsAlvoS8SNQuTrlObhFqG9iugdTtgOE9jpJ6FNM4ZGsa5xQ==, tarball: https://registry.npmjs.org/@types/markdown-it/-/markdown-it-14.2.0.tgz}

  '@types/mdurl@2.0.0':
    resolution: {integrity: sha512-RGdgjQUZba5p6QEFAVx2OGb8rQDL/cPRG7GiedRzMcJ1tYnUANBncjbSB1NRGwbvjcPeikRABz2nshyPk1bhWg==, tarball: https://registry.npmjs.org/@types/mdurl/-/mdurl-2.0.0.tgz}

  argparse@3.0.0:
    resolution: {integrity: sha512-BOp5NMrHqKxmq/OLr+clzzrRxgOKSLkcjmkWuChp7Irqwn4s74WjOBPIgWfA/HMcBnVkZ5XEuf9uUqzlpfCQ6A==, tarball: https://registry.npmjs.org/argparse/-/argparse-3.0.0.tgz}

  asciinema-player@3.17.0:
    resolution: {integrity: sha512-JbjNJmA2TLIeYNaOEja+kVSzXadKoqpIzVVmfBGNj2DmdtE/vExBCnkE8NYEcpaQcDvUYg8Ltt0urT80frACmw==, tarball: https://registry.npmjs.org/asciinema-player/-/asciinema-player-3.17.0.tgz}

  csstype@3.2.3:
    resolution: {integrity: sha512-z1HGKcYy2xA8AGQfwrn0PAy+PB7X/GSj3UVJW9qKyn43xWa+gl5nXmU4qqLMRzWVLFC8KusUX8T/0kCiOYpAIQ==, tarball: https://registry.npmjs.org/csstype/-/csstype-3.2.3.tgz}

  entities@8.0.0:
    resolution: {integrity: sha512-zwfzJecQ/Uej6tusMqwAqU/6KL2XaB2VZ2Jg54Je6ahNBGNH6Ek6g3jjNCF0fG9EWQKGZNddNjU5F1ZQn/sBnA==, tarball: https://registry.npmjs.org/entities/-/entities-8.0.0.tgz}
    engines: {node: '>=20.19.0'}

  linkify-it@6.1.0:
    resolution: {integrity: sha512-wJ/TwpSDTLepCrQoYWYIExIKg5Zchex2Nn5yk2mFnB+6PtdkHtyLx742md9csRjjOnGkKIS/RrbY7l8D6gT9Vw==, tarball: https://registry.npmjs.org/linkify-it/-/linkify-it-6.1.0.tgz}

  markdown-it-anchor@9.2.0:
    resolution: {integrity: sha512-sa2ErMQ6kKOA4l31gLGYliFQrMKkqSO0ZJgGhDHKijPf0pNFM9vghjAh3gn26pS4JDRs7Iwa9S36gxm3vgZTzg==, tarball: https://registry.npmjs.org/markdown-it-anchor/-/markdown-it-anchor-9.2.0.tgz}
    peerDependencies:
      '@types/markdown-it': '*'
      markdown-it: '*'

  markdown-it@15.0.0:
    resolution: {integrity: sha512-Lf8ajvVNdRpzSNB4VegxNy7gjs8gU35l4b4+ET49LrQC5PKYwLZ72u60LeJ9gv3qiaesuYjJWCyVeQmv/QWKQw==, tarball: https://registry.npmjs.org/markdown-it/-/markdown-it-15.0.0.tgz}
    hasBin: true

  mdurl@2.1.0:
    resolution: {integrity: sha512-1+HBaOx0zi/dQWht8rNv9MYf9qqpqL/kxI0hXImU6Y547zM6Sni8BQibt7ifgMcYtQg41ao3Ivd6cnSM86inpg==, tarball: https://registry.npmjs.org/mdurl/-/mdurl-2.1.0.tgz}

  punycode.js@2.3.1:
    resolution: {integrity: sha512-uxFIHU0YlHYhDQtV4R9J6a52SLx28BCjT+4ieh7IGbgwVJWO+km431c4yRlREUAsAmt/uMjQUyQHNEPf0M39CA==, tarball: https://registry.npmjs.org/punycode.js/-/punycode.js-2.3.1.tgz}
    engines: {node: '>=6'}

  seroval-plugins@1.5.6:
    resolution: {integrity: sha512-HXuLAX2pu/UByPpaeo/TaMfvMIi+1QqIoPJYCcAtU8QkVNwgR6MPlGuCQTErV1JwraaMbYaWVIBX7mppzGLATQ==, tarball: https://registry.npmjs.org/seroval-plugins/-/seroval-plugins-1.5.6.tgz}
    engines: {node: '>=10'}
    peerDependencies:
      seroval: ^1.0

  seroval@1.5.6:
    resolution: {integrity: sha512-rVQVWjjSvlINzaQPZH5JFqsqEsIWdTxY3iJZCnTL/5gQbXIRooVZKI60tVCkOVfzcRPejboxO2t0P89dg5mQaA==, tarball: https://registry.npmjs.org/seroval/-/seroval-1.5.6.tgz}
    engines: {node: '>=10'}

  solid-js@1.9.15:
    resolution: {integrity: sha512-EeiY2xfpZJqPLjXspVEKjAII4yv8NyG//NxZ3IpOFHdUNnnTyL0uJOeS9LWGvA7cFCz5y94cjFwYlmw5Luncsg==, tarball: https://registry.npmjs.org/solid-js/-/solid-js-1.9.15.tgz}

  solid-transition-group@0.2.3:
    resolution: {integrity: sha512-iB72c9N5Kz9ykRqIXl0lQohOau4t0dhel9kjwFvx81UZJbVwaChMuBuyhiZmK24b8aKEK0w3uFM96ZxzcyZGdg==, tarball: https://registry.npmjs.org/solid-transition-group/-/solid-transition-group-0.2.3.tgz}
    engines: {node: '>=18.0.0', pnpm: '>=8.6.0'}
    peerDependencies:
      solid-js: ^1.6.12

  uc.micro@3.0.0:
    resolution: {integrity: sha512-U3PppEkleoTnIfi8BozMx3yju3qc/L6SwqWo2Sw+54PX+PX0q9I+r1Um5HCmqD7n9VDX5/v3vQH/AjA6deDdtw==, tarball: https://registry.npmjs.org/uc.micro/-/uc.micro-3.0.0.tgz}

snapshots:

  '@babel/runtime@7.29.7': {}

  '@solid-primitives/refs@1.1.4(solid-js@1.9.15)':
    dependencies:
      '@solid-primitives/utils': 6.4.1(solid-js@1.9.15)
      solid-js: 1.9.15

  '@solid-primitives/transition-group@1.1.2(solid-js@1.9.15)':
    dependencies:
      solid-js: 1.9.15

  '@solid-primitives/utils@6.4.1(solid-js@1.9.15)':
    dependencies:
      solid-js: 1.9.15

  '@types/linkify-it@5.0.0': {}

  '@types/markdown-it@14.2.0':
    dependencies:
      '@types/linkify-it': 5.0.0
      '@types/mdurl': 2.0.0

  '@types/mdurl@2.0.0': {}

  argparse@3.0.0: {}

  asciinema-player@3.17.0:
    dependencies:
      '@babel/runtime': 7.29.7
      solid-js: 1.9.15
      solid-transition-group: 0.2.3(solid-js@1.9.15)

  csstype@3.2.3: {}

  entities@8.0.0: {}

  linkify-it@6.1.0:
    dependencies:
      uc.micro: 3.0.0

  markdown-it-anchor@9.2.0(@types/markdown-it@14.2.0)(markdown-it@15.0.0):
    dependencies:
      '@types/markdown-it': 14.2.0
      markdown-it: 15.0.0

  markdown-it@15.0.0:
    dependencies:
      argparse: 3.0.0
      entities: 8.0.0
      linkify-it: 6.1.0
      mdurl: 2.1.0
      punycode.js: 2.3.1
      uc.micro: 3.0.0

  mdurl@2.1.0: {}

  punycode.js@2.3.1: {}

  seroval-plugins@1.5.6(seroval@1.5.6):
    dependencies:
      seroval: 1.5.6

  seroval@1.5.6: {}

  solid-js@1.9.15:
    dependencies:
      csstype: 3.2.3
      seroval: 1.5.6
      seroval-plugins: 1.5.6(seroval@1.5.6)

  solid-transition-group@0.2.3(solid-js@1.9.15):
    dependencies:
      '@solid-primitives/refs': 1.1.4(solid-js@1.9.15)
      '@solid-primitives/transition-group': 1.1.2(solid-js@1.9.15)
      solid-js: 1.9.15

  uc.micro@3.0.0: {}
